
Microsoft Visual Studio Solution File, Format Version 12.00
# Visual Studio Version 17
VisualStudioVersion = 17.0.31903.59
MinimumVisualStudioVersion = 10.0.40219.1
Project("{FAE04EC0-301F-11D3-BF4B-00C04F79EFBC}") = "SistemaBiblioteca", "SistemaBiblioteca\SistemaBiblioteca.csproj", "{BA1D97F0-2F79-4980-A021-3AAF3BF5008E}"
EndProject
Global
	GlobalSection(SolutionConfigurationPlatforms) = preSolution
		Debug|Any CPU = Debug|Any CPU
		Debug|x64 = Debug|x64
		Debug|x86 = Debug|x86
		Release|Any CPU = Release|Any CPU
		Release|x64 = Release|x64
		Release|x86 = Release|x86
	EndGlobalSection
	GlobalSection(ProjectConfigurationPlatforms) = postSolution
		{BA1D97F0-2F79-4980-A021-3AAF3BF5008E}.Debug|Any CPU.ActiveCfg = Debug|Any CPU
		{BA1D97F0-2F79-4980-A021-3AAF3BF5008E}.Debug|Any CPU.Build.0 = Debug|Any CPU
		{BA1D97F0-2F79-4980-A021-3AAF3BF5008E}.Debug|x64.ActiveCfg = Debug|Any CPU
		{BA1D97F0-2F79-4980-A021-3AAF3BF5008E}.Debug|x64.Build.0 = Debug|Any CPU
		{BA1D97F0-2F79-4980-A021-3AAF3BF5008E}.Debug|x86.ActiveCfg = Debug|Any CPU
		{BA1D97F0-2F79-4980-A021-3AAF3BF5008E}.Debug|x86.Build.0 = Debug|Any CPU
		{BA1D97F0-2F79-4980-A021-3AAF3BF5008E}.Release|Any CPU.ActiveCfg = Release|Any CPU
		{BA1D97F0-2F79-4980-A021-3AAF3BF5008E}.Release|Any CPU.Build.0 = Release|Any CPU
		{BA1D97F0-2F79-4980-A021-3AAF3BF5008E}.Release|x64.ActiveCfg = Release|Any CPU
		{BA1D97F0-2F79-4980-A021-3AAF3BF5008E}.Release|x64.Build.0 = Release|Any CPU
		{BA1D97F0-2F79-4980-A021-3AAF3BF5008E}.Release|x86.ActiveCfg = Release|Any CPU
		{BA1D97F0-2F79-4980-A021-3AAF3BF5008E}.Release|x86.Build.0 = Release|Any CPU
	EndGlobalSection
	GlobalSection(SolutionProperties) = preSolution
		HideSolutionNode = FALSE
	EndGlobalSection
EndGlobal
